
Microsoft Visual Studio Solution File, Format Version 12.00
# Visual Studio 2015
Project("{FAE04EC0-301F-11D3-BF4B-00C04F79EFBC}") = "ShapeCrash.Plugins", "ShapeCrash.Plugins.csproj", "{7D099760-2860-ABCF-8DE9-A23983A3B20F}"
EndProject
Project("{FAE04EC0-301F-11D3-BF4B-00C04F79EFBC}") = "ShapeCrash", "ShapeCrash.csproj", "{3B89AD0B-DE50-E13F-44C4-D779DE38DA06}"
EndProject
Project("{FAE04EC0-301F-11D3-BF4B-00C04F79EFBC}") = "ShapeCrash.Editor.Plugins", "ShapeCrash.Editor.Plugins.csproj", "{2E1E0872-5048-4473-2085-347543C2B808}"
EndProject
Project("{FAE04EC0-301F-11D3-BF4B-00C04F79EFBC}") = "ShapeCrash.Editor", "ShapeCrash.Editor.csproj", "{1A04A2D8-85E4-57D3-53C4-10F22329DBEC}"
EndProject
Global
	GlobalSection(SolutionConfigurationPlatforms) = preSolution
		Debug|Any CPU = Debug|Any CPU
		Release|Any CPU = Release|Any CPU
	EndGlobalSection
	GlobalSection(ProjectConfigurationPlatforms) = postSolution
		{7D099760-2860-ABCF-8DE9-A23983A3B20F}.Debug|Any CPU.ActiveCfg = Debug|Any CPU
		{7D099760-2860-ABCF-8DE9-A23983A3B20F}.Debug|Any CPU.Build.0 = Debug|Any CPU
		{7D099760-2860-ABCF-8DE9-A23983A3B20F}.Release|Any CPU.ActiveCfg = Release|Any CPU
		{7D099760-2860-ABCF-8DE9-A23983A3B20F}.Release|Any CPU.Build.0 = Release|Any CPU
		{3B89AD0B-DE50-E13F-44C4-D779DE38DA06}.Debug|Any CPU.ActiveCfg = Debug|Any CPU
		{3B89AD0B-DE50-E13F-44C4-D779DE38DA06}.Debug|Any CPU.Build.0 = Debug|Any CPU
		{3B89AD0B-DE50-E13F-44C4-D779DE38DA06}.Release|Any CPU.ActiveCfg = Release|Any CPU
		{3B89AD0B-DE50-E13F-44C4-D779DE38DA06}.Release|Any CPU.Build.0 = Release|Any CPU
		{2E1E0872-5048-4473-2085-347543C2B808}.Debug|Any CPU.ActiveCfg = Debug|Any CPU
		{2E1E0872-5048-4473-2085-347543C2B808}.Debug|Any CPU.Build.0 = Debug|Any CPU
		{2E1E0872-5048-4473-2085-347543C2B808}.Release|Any CPU.ActiveCfg = Release|Any CPU
		{2E1E0872-5048-4473-2085-347543C2B808}.Release|Any CPU.Build.0 = Release|Any CPU
		{1A04A2D8-85E4-57D3-53C4-10F22329DBEC}.Debug|Any CPU.ActiveCfg = Debug|Any CPU
		{1A04A2D8-85E4-57D3-53C4-10F22329DBEC}.Debug|Any CPU.Build.0 = Debug|Any CPU
		{1A04A2D8-85E4-57D3-53C4-10F22329DBEC}.Release|Any CPU.ActiveCfg = Release|Any CPU
		{1A04A2D8-85E4-57D3-53C4-10F22329DBEC}.Release|Any CPU.Build.0 = Release|Any CPU
	EndGlobalSection
	GlobalSection(SolutionProperties) = preSolution
		HideSolutionNode = FALSE
	EndGlobalSection
EndGlobal
